# THIS IS AN AUTOGENERATED FILE. DO NOT EDIT THIS FILE DIRECTLY.
# yarn lockfile v1


"@types/lodash.isplainobject@^4.0.4":
  version "4.0.4"
  resolved "https://registry.yarnpkg.com/@types/lodash.isplainobject/-/lodash.isplainobject-4.0.4.tgz#ac28008a145ea19ac9f6dc46045aa92e11a09322"
  integrity sha512-FSXjsYFgJQA42YudKpfSbp9WfKcOdC6xJ62tdFFQJqj2XMvqj+9qLEXBeKZzD55LzngXD/DyQbU2gDMNqMASGw==
  dependencies:
    "@types/lodash" "*"

"@types/lodash@*":
  version "4.14.118"
  resolved "https://registry.yarnpkg.com/@types/lodash/-/lodash-4.14.118.tgz#247bab39bfcc6d910d4927c6e06cbc70ec376f27"
  integrity sha512-iiJbKLZbhSa6FYRip/9ZDX6HXhayXLDGY2Fqws9cOkEQ6XeKfaxB0sC541mowZJueYyMnVUmmG+al5/4fCDrgw==

lodash.isplainobject@^4.0.6:
  version "4.0.6"
  resolved "https://registry.yarnpkg.com/lodash.isplainobject/-/lodash.isplainobject-4.0.6.tgz#7c526a52d89b45c45cc690b88163be0497f550cb"
  integrity sha1-fFJqUtibRcRcxpC4gWO+BJf1UMs=

typescript@^3.0.3:
  version "3.1.6"
  resolved "https://registry.yarnpkg.com/typescript/-/typescript-3.1.6.tgz#b6543a83cfc8c2befb3f4c8fba6896f5b0c9be68"
  integrity sha512-tDMYfVtvpb96msS1lDX9MEdHrW4yOuZ4Kdc4Him9oU796XldPYF/t2+uKoX0BBa0hXXwDlqYQbXY5Rzjzc5hBA==
